
Microsoft Visual Studio Solution File, Format Version 11.00
# Visual Studio 2010
Project("{FAE04EC0-301F-11D3-BF4B-00C04F79EFBC}") = "WindowsFormsApplication15", "WindowsFormsApplication15\WindowsFormsApplication15.csproj", "{9D0ED72D-A959-4DEC-9894-0E4C1C86F492}"
EndProject
Global
	GlobalSection(SubversionScc) = preSolution
		Svn-Managed = True
		Manager = AnkhSVN - Subversion Support for Visual Studio
	EndGlobalSection
	GlobalSection(SolutionConfigurationPlatforms) = preSolution
		Debug|x86 = Debug|x86
		Release|x86 = Release|x86
	EndGlobalSection
	GlobalSection(ProjectConfigurationPlatforms) = postSolution
		{9D0ED72D-A959-4DEC-9894-0E4C1C86F492}.Debug|x86.ActiveCfg = Debug|x86
		{9D0ED72D-A959-4DEC-9894-0E4C1C86F492}.Debug|x86.Build.0 = Debug|x86
		{9D0ED72D-A959-4DEC-9894-0E4C1C86F492}.Release|x86.ActiveCfg = Release|x86
		{9D0ED72D-A959-4DEC-9894-0E4C1C86F492}.Release|x86.Build.0 = Release|x86
	EndGlobalSection
	GlobalSection(SolutionProperties) = preSolution
		HideSolutionNode = FALSE
	EndGlobalSection
EndGlobal
